
Microsoft Visual Studio Solution File, Format Version 12.00
# Visual Studio 15
VisualStudioVersion = 15.0.28010.2041
MinimumVisualStudioVersion = 10.0.40219.1
Project("{9A19103F-16F7-4668-BE54-9A1E7A4F7556}") = "SimpleLicense", "SimpleLicense\SimpleLicense.csproj", "{CC994F19-6C89-4D06-8C6C-2DA07C2FF460}"
EndProject
Project("{9A19103F-16F7-4668-BE54-9A1E7A4F7556}") = "ComplexLicense", "ComplexLicense\ComplexLicense.csproj", "{D95E9266-3BA7-49C3-AF23-B91E769CFAF2}"
EndProject
Project("{9A19103F-16F7-4668-BE54-9A1E7A4F7556}") = "ComplexLicenseExpressionWithException", "ComplexLicenseExpressionWithException\ComplexLicenseExpressionWithException.csproj", "{141020E2-880C-4D74-A14E-09FF6CA4FDD7}"
EndProject
Project("{9A19103F-16F7-4668-BE54-9A1E7A4F7556}") = "ComplexWithNonStandardLicense", "ComplexWithNonStandardLicense\ComplexWithNonStandardLicense.csproj", "{36A6B879-29D5-4C18-B58E-0A399EBBD53C}"
EndProject
Project("{9A19103F-16F7-4668-BE54-9A1E7A4F7556}") = "PackageLicenseFile", "PackageLicenseFile\PackageLicenseFile.csproj", "{0FFBF88D-08AD-49C4-94B9-7AF29FA15594}"
EndProject
Project("{9A19103F-16F7-4668-BE54-9A1E7A4F7556}") = "PackageLicenseFileApache", "PackageLicenseFileApache\PackageLicenseFileApache.csproj", "{FBD9C86C-3C54-4006-AB65-50008C4EAF27}"
EndProject
Project("{9A19103F-16F7-4668-BE54-9A1E7A4F7556}") = "SimpleNonStandardLicense", "SimpleNonStandardLicense\SimpleNonStandardLicense.csproj", "{58AC684B-9AEF-42E5-8DB4-C5ECF14A6CEE}"
EndProject
Project("{FAE04EC0-301F-11D3-BF4B-00C04F79EFBC}") = "Unlicensed", "Unlicensed\Unlicensed.csproj", "{E58E4057-C6DA-47EA-8E11-6994DB4C8DB1}"
EndProject
Global
	GlobalSection(SolutionConfigurationPlatforms) = preSolution
		Debug|Any CPU = Debug|Any CPU
		Release|Any CPU = Release|Any CPU
	EndGlobalSection
	GlobalSection(ProjectConfigurationPlatforms) = postSolution
		{CC994F19-6C89-4D06-8C6C-2DA07C2FF460}.Debug|Any CPU.ActiveCfg = Debug|Any CPU
		{CC994F19-6C89-4D06-8C6C-2DA07C2FF460}.Debug|Any CPU.Build.0 = Debug|Any CPU
		{CC994F19-6C89-4D06-8C6C-2DA07C2FF460}.Release|Any CPU.ActiveCfg = Release|Any CPU
		{CC994F19-6C89-4D06-8C6C-2DA07C2FF460}.Release|Any CPU.Build.0 = Release|Any CPU
		{D95E9266-3BA7-49C3-AF23-B91E769CFAF2}.Debug|Any CPU.ActiveCfg = Debug|Any CPU
		{D95E9266-3BA7-49C3-AF23-B91E769CFAF2}.Debug|Any CPU.Build.0 = Debug|Any CPU
		{D95E9266-3BA7-49C3-AF23-B91E769CFAF2}.Release|Any CPU.ActiveCfg = Release|Any CPU
		{D95E9266-3BA7-49C3-AF23-B91E769CFAF2}.Release|Any CPU.Build.0 = Release|Any CPU
		{141020E2-880C-4D74-A14E-09FF6CA4FDD7}.Debug|Any CPU.ActiveCfg = Debug|Any CPU
		{141020E2-880C-4D74-A14E-09FF6CA4FDD7}.Debug|Any CPU.Build.0 = Debug|Any CPU
		{141020E2-880C-4D74-A14E-09FF6CA4FDD7}.Release|Any CPU.ActiveCfg = Release|Any CPU
		{141020E2-880C-4D74-A14E-09FF6CA4FDD7}.Release|Any CPU.Build.0 = Release|Any CPU
		{36A6B879-29D5-4C18-B58E-0A399EBBD53C}.Debug|Any CPU.ActiveCfg = Debug|Any CPU
		{36A6B879-29D5-4C18-B58E-0A399EBBD53C}.Debug|Any CPU.Build.0 = Debug|Any CPU
		{36A6B879-29D5-4C18-B58E-0A399EBBD53C}.Release|Any CPU.ActiveCfg = Release|Any CPU
		{36A6B879-29D5-4C18-B58E-0A399EBBD53C}.Release|Any CPU.Build.0 = Release|Any CPU
		{0FFBF88D-08AD-49C4-94B9-7AF29FA15594}.Debug|Any CPU.ActiveCfg = Debug|Any CPU
		{0FFBF88D-08AD-49C4-94B9-7AF29FA15594}.Debug|Any CPU.Build.0 = Debug|Any CPU
		{0FFBF88D-08AD-49C4-94B9-7AF29FA15594}.Release|Any CPU.ActiveCfg = Release|Any CPU
		{0FFBF88D-08AD-49C4-94B9-7AF29FA15594}.Release|Any CPU.Build.0 = Release|Any CPU
		{FBD9C86C-3C54-4006-AB65-50008C4EAF27}.Debug|Any CPU.ActiveCfg = Debug|Any CPU
		{FBD9C86C-3C54-4006-AB65-50008C4EAF27}.Debug|Any CPU.Build.0 = Debug|Any CPU
		{FBD9C86C-3C54-4006-AB65-50008C4EAF27}.Release|Any CPU.ActiveCfg = Release|Any CPU
		{FBD9C86C-3C54-4006-AB65-50008C4EAF27}.Release|Any CPU.Build.0 = Release|Any CPU
		{58AC684B-9AEF-42E5-8DB4-C5ECF14A6CEE}.Debug|Any CPU.ActiveCfg = Debug|Any CPU
		{58AC684B-9AEF-42E5-8DB4-C5ECF14A6CEE}.Debug|Any CPU.Build.0 = Debug|Any CPU
		{58AC684B-9AEF-42E5-8DB4-C5ECF14A6CEE}.Release|Any CPU.ActiveCfg = Release|Any CPU
		{58AC684B-9AEF-42E5-8DB4-C5ECF14A6CEE}.Release|Any CPU.Build.0 = Release|Any CPU
		{E58E4057-C6DA-47EA-8E11-6994DB4C8DB1}.Debug|Any CPU.ActiveCfg = Debug|Any CPU
		{E58E4057-C6DA-47EA-8E11-6994DB4C8DB1}.Debug|Any CPU.Build.0 = Debug|Any CPU
		{E58E4057-C6DA-47EA-8E11-6994DB4C8DB1}.Release|Any CPU.ActiveCfg = Release|Any CPU
		{E58E4057-C6DA-47EA-8E11-6994DB4C8DB1}.Release|Any CPU.Build.0 = Release|Any CPU
	EndGlobalSection
	GlobalSection(SolutionProperties) = preSolution
		HideSolutionNode = FALSE
	EndGlobalSection
	GlobalSection(ExtensibilityGlobals) = postSolution
		SolutionGuid = {7644DE3C-7231-408F-B8D9-3F08511FEC29}
	EndGlobalSection
EndGlobal
