
Microsoft Visual Studio Solution File, Format Version 12.00
# Visual Studio 15
VisualStudioVersion = 15.0.27701.1
MinimumVisualStudioVersion = 10.0.40219.1
Project("{9A19103F-16F7-4668-BE54-9A1E7A4F7556}") = "CredentialProvider.Console", "CredentialProvider.Console\CredentialProvider.Console.csproj", "{DE81F9DB-5B6C-4594-9625-9A08B16AEDAB}"
EndProject
Global
	GlobalSection(SolutionConfigurationPlatforms) = preSolution
		Debug|Any CPU = Debug|Any CPU
		Release|Any CPU = Release|Any CPU
	EndGlobalSection
	GlobalSection(ProjectConfigurationPlatforms) = postSolution
		{DE81F9DB-5B6C-4594-9625-9A08B16AEDAB}.Debug|Any CPU.ActiveCfg = Debug|Any CPU
		{DE81F9DB-5B6C-4594-9625-9A08B16AEDAB}.Debug|Any CPU.Build.0 = Debug|Any CPU
		{DE81F9DB-5B6C-4594-9625-9A08B16AEDAB}.Release|Any CPU.ActiveCfg = Release|Any CPU
		{DE81F9DB-5B6C-4594-9625-9A08B16AEDAB}.Release|Any CPU.Build.0 = Release|Any CPU
	EndGlobalSection
	GlobalSection(SolutionProperties) = preSolution
		HideSolutionNode = FALSE
	EndGlobalSection
	GlobalSection(ExtensibilityGlobals) = postSolution
		SolutionGuid = {64F95C95-EAD1-40A3-B343-0A3B92838CBC}
	EndGlobalSection
EndGlobal
