
Microsoft Visual Studio Solution File, Format Version 12.00
# Visual Studio Version 16
VisualStudioVersion = 16.0.29608.14
MinimumVisualStudioVersion = 10.0.40219.1
Project("{9A19103F-16F7-4668-BE54-9A1E7A4F7556}") = "NuGetCoreReplacement", "NuGetCoreReplacement.csproj", "{C9ECF889-D665-418A-A7F8-1B6A2C8F0C0D}"
EndProject
Global
	GlobalSection(SolutionConfigurationPlatforms) = preSolution
		Debug|Any CPU = Debug|Any CPU
		Release|Any CPU = Release|Any CPU
	EndGlobalSection
	GlobalSection(ProjectConfigurationPlatforms) = postSolution
		{C9ECF889-D665-418A-A7F8-1B6A2C8F0C0D}.Debug|Any CPU.ActiveCfg = Debug|Any CPU
		{C9ECF889-D665-418A-A7F8-1B6A2C8F0C0D}.Debug|Any CPU.Build.0 = Debug|Any CPU
		{C9ECF889-D665-418A-A7F8-1B6A2C8F0C0D}.Release|Any CPU.ActiveCfg = Release|Any CPU
		{C9ECF889-D665-418A-A7F8-1B6A2C8F0C0D}.Release|Any CPU.Build.0 = Release|Any CPU
	EndGlobalSection
	GlobalSection(SolutionProperties) = preSolution
		HideSolutionNode = FALSE
	EndGlobalSection
	GlobalSection(ExtensibilityGlobals) = postSolution
		SolutionGuid = {6E7E666F-EFA3-43C7-B448-F8B6C7BF3C2B}
	EndGlobalSection
EndGlobal
