
Microsoft Visual Studio Solution File, Format Version 12.00
# Visual Studio 15
VisualStudioVersion = 15.0.27517.0
MinimumVisualStudioVersion = 10.0.40219.1
Project("{9A19103F-16F7-4668-BE54-9A1E7A4F7556}") = "LeafLibrary", "LeafLibrary\LeafLibrary.csproj", "{B402C073-5DE9-4A49-9247-B22BFBF9EBDE}"
EndProject
Project("{9A19103F-16F7-4668-BE54-9A1E7A4F7556}") = "IntermediateLibrary", "IntermediateLibrary\IntermediateLibrary.csproj", "{DAF4B91A-E98B-40A2-BC5D-1FF151DD3171}"
EndProject
Project("{FAE04EC0-301F-11D3-BF4B-00C04F79EFBC}") = "Consumer", "Consumer\Consumer.csproj", "{2C1CC317-4260-4AFE-A5C9-C2C1DF65C4C3}"
EndProject
Project("{FAE04EC0-301F-11D3-BF4B-00C04F79EFBC}") = "ConsumerWithSupressedTransitiveAPI", "ConsumerWithSupressedTransitiveAPI\ConsumerWithSupressedTransitiveAPI.csproj", "{8541BEF4-0CE0-494E-95D7-BE216B41941C}"
EndProject
Global
	GlobalSection(SolutionConfigurationPlatforms) = preSolution
		Debug|Any CPU = Debug|Any CPU
		Release|Any CPU = Release|Any CPU
	EndGlobalSection
	GlobalSection(ProjectConfigurationPlatforms) = postSolution
		{B402C073-5DE9-4A49-9247-B22BFBF9EBDE}.Debug|Any CPU.ActiveCfg = Debug|Any CPU
		{B402C073-5DE9-4A49-9247-B22BFBF9EBDE}.Debug|Any CPU.Build.0 = Debug|Any CPU
		{B402C073-5DE9-4A49-9247-B22BFBF9EBDE}.Release|Any CPU.ActiveCfg = Release|Any CPU
		{B402C073-5DE9-4A49-9247-B22BFBF9EBDE}.Release|Any CPU.Build.0 = Release|Any CPU
		{DAF4B91A-E98B-40A2-BC5D-1FF151DD3171}.Debug|Any CPU.ActiveCfg = Debug|Any CPU
		{DAF4B91A-E98B-40A2-BC5D-1FF151DD3171}.Debug|Any CPU.Build.0 = Debug|Any CPU
		{DAF4B91A-E98B-40A2-BC5D-1FF151DD3171}.Release|Any CPU.ActiveCfg = Release|Any CPU
		{DAF4B91A-E98B-40A2-BC5D-1FF151DD3171}.Release|Any CPU.Build.0 = Release|Any CPU
		{2C1CC317-4260-4AFE-A5C9-C2C1DF65C4C3}.Debug|Any CPU.ActiveCfg = Debug|Any CPU
		{2C1CC317-4260-4AFE-A5C9-C2C1DF65C4C3}.Debug|Any CPU.Build.0 = Debug|Any CPU
		{2C1CC317-4260-4AFE-A5C9-C2C1DF65C4C3}.Release|Any CPU.ActiveCfg = Release|Any CPU
		{2C1CC317-4260-4AFE-A5C9-C2C1DF65C4C3}.Release|Any CPU.Build.0 = Release|Any CPU
		{8541BEF4-0CE0-494E-95D7-BE216B41941C}.Debug|Any CPU.ActiveCfg = Debug|Any CPU
		{8541BEF4-0CE0-494E-95D7-BE216B41941C}.Debug|Any CPU.Build.0 = Debug|Any CPU
		{8541BEF4-0CE0-494E-95D7-BE216B41941C}.Release|Any CPU.ActiveCfg = Release|Any CPU
		{8541BEF4-0CE0-494E-95D7-BE216B41941C}.Release|Any CPU.Build.0 = Release|Any CPU
	EndGlobalSection
	GlobalSection(SolutionProperties) = preSolution
		HideSolutionNode = FALSE
	EndGlobalSection
	GlobalSection(ExtensibilityGlobals) = postSolution
		SolutionGuid = {2B04DFA2-8622-4BC4-A0F4-4C70A6FEEEC3}
	EndGlobalSection
EndGlobal
