
Microsoft Visual Studio Solution File, Format Version 12.00
# Visual Studio Version 16
VisualStudioVersion = 16.0.29317.48
MinimumVisualStudioVersion = 15.0.26124.0
Project("{9A19103F-16F7-4668-BE54-9A1E7A4F7556}") = "PackagesConfigAnalysisTool", "PackagesConfigAnalysisTool\PackagesConfigAnalysisTool.csproj", "{B3D9FB68-4913-41E2-98EC-1DDCCD67E3AD}"
EndProject
Project("{FAE04EC0-301F-11D3-BF4B-00C04F79EFBC}") = "TestPackagesConfigProject", "TestPackagesConfigProject\TestPackagesConfigProject.csproj", "{30288110-B15A-4296-A781-0AAC2B755071}"
EndProject
Global
	GlobalSection(SolutionConfigurationPlatforms) = preSolution
		Debug|Any CPU = Debug|Any CPU
		Debug|x64 = Debug|x64
		Debug|x86 = Debug|x86
		Release|Any CPU = Release|Any CPU
		Release|x64 = Release|x64
		Release|x86 = Release|x86
	EndGlobalSection
	GlobalSection(ProjectConfigurationPlatforms) = postSolution
		{B3D9FB68-4913-41E2-98EC-1DDCCD67E3AD}.Debug|Any CPU.ActiveCfg = Debug|Any CPU
		{B3D9FB68-4913-41E2-98EC-1DDCCD67E3AD}.Debug|Any CPU.Build.0 = Debug|Any CPU
		{B3D9FB68-4913-41E2-98EC-1DDCCD67E3AD}.Debug|x64.ActiveCfg = Debug|Any CPU
		{B3D9FB68-4913-41E2-98EC-1DDCCD67E3AD}.Debug|x64.Build.0 = Debug|Any CPU
		{B3D9FB68-4913-41E2-98EC-1DDCCD67E3AD}.Debug|x86.ActiveCfg = Debug|Any CPU
		{B3D9FB68-4913-41E2-98EC-1DDCCD67E3AD}.Debug|x86.Build.0 = Debug|Any CPU
		{B3D9FB68-4913-41E2-98EC-1DDCCD67E3AD}.Release|Any CPU.ActiveCfg = Release|Any CPU
		{B3D9FB68-4913-41E2-98EC-1DDCCD67E3AD}.Release|Any CPU.Build.0 = Release|Any CPU
		{B3D9FB68-4913-41E2-98EC-1DDCCD67E3AD}.Release|x64.ActiveCfg = Release|Any CPU
		{B3D9FB68-4913-41E2-98EC-1DDCCD67E3AD}.Release|x64.Build.0 = Release|Any CPU
		{B3D9FB68-4913-41E2-98EC-1DDCCD67E3AD}.Release|x86.ActiveCfg = Release|Any CPU
		{B3D9FB68-4913-41E2-98EC-1DDCCD67E3AD}.Release|x86.Build.0 = Release|Any CPU
		{30288110-B15A-4296-A781-0AAC2B755071}.Debug|Any CPU.ActiveCfg = Debug|Any CPU
		{30288110-B15A-4296-A781-0AAC2B755071}.Debug|Any CPU.Build.0 = Debug|Any CPU
		{30288110-B15A-4296-A781-0AAC2B755071}.Debug|x64.ActiveCfg = Debug|Any CPU
		{30288110-B15A-4296-A781-0AAC2B755071}.Debug|x64.Build.0 = Debug|Any CPU
		{30288110-B15A-4296-A781-0AAC2B755071}.Debug|x86.ActiveCfg = Debug|Any CPU
		{30288110-B15A-4296-A781-0AAC2B755071}.Debug|x86.Build.0 = Debug|Any CPU
		{30288110-B15A-4296-A781-0AAC2B755071}.Release|Any CPU.ActiveCfg = Release|Any CPU
		{30288110-B15A-4296-A781-0AAC2B755071}.Release|Any CPU.Build.0 = Release|Any CPU
		{30288110-B15A-4296-A781-0AAC2B755071}.Release|x64.ActiveCfg = Release|Any CPU
		{30288110-B15A-4296-A781-0AAC2B755071}.Release|x64.Build.0 = Release|Any CPU
		{30288110-B15A-4296-A781-0AAC2B755071}.Release|x86.ActiveCfg = Release|Any CPU
		{30288110-B15A-4296-A781-0AAC2B755071}.Release|x86.Build.0 = Release|Any CPU
	EndGlobalSection
	GlobalSection(SolutionProperties) = preSolution
		HideSolutionNode = FALSE
	EndGlobalSection
	GlobalSection(ExtensibilityGlobals) = postSolution
		SolutionGuid = {C5EC582F-EA64-40BA-9480-744F02C94AA6}
	EndGlobalSection
EndGlobal
